
Microsoft Visual Studio Solution File, Format Version 12.00
# Visual Studio 15
VisualStudioVersion = 15.0.27004.2008
MinimumVisualStudioVersion = 10.0.40219.1
Project("{FAE04EC0-301F-11D3-BF4B-00C04F79EFBC}") = "OnTopReplica", "OnTopReplica\OnTopReplica.csproj", "{E626BD6E-BF38-4EB7-A128-5CA6F40EF557}"
EndProject
Global
	GlobalSection(SolutionConfigurationPlatforms) = preSolution
		Debug|Any CPU = Debug|Any CPU
		Debug|x64 = Debug|x64
		Debug|x86 = Debug|x86
		Release|Any CPU = Release|Any CPU
		Release|x64 = Release|x64
		Release|x86 = Release|x86
	EndGlobalSection
	GlobalSection(ProjectConfigurationPlatforms) = postSolution
		{E626BD6E-BF38-4EB7-A128-5CA6F40EF557}.Debug|Any CPU.ActiveCfg = Debug|Any CPU
		{E626BD6E-BF38-4EB7-A128-5CA6F40EF557}.Debug|Any CPU.Build.0 = Debug|Any CPU
		{E626BD6E-BF38-4EB7-A128-5CA6F40EF557}.Debug|x64.ActiveCfg = Debug|Any CPU
		{E626BD6E-BF38-4EB7-A128-5CA6F40EF557}.Debug|x64.Build.0 = Debug|Any CPU
		{E626BD6E-BF38-4EB7-A128-5CA6F40EF557}.Debug|x86.ActiveCfg = Debug|Any CPU
		{E626BD6E-BF38-4EB7-A128-5CA6F40EF557}.Debug|x86.Build.0 = Debug|Any CPU
		{E626BD6E-BF38-4EB7-A128-5CA6F40EF557}.Release|Any CPU.ActiveCfg = Release|Any CPU
		{E626BD6E-BF38-4EB7-A128-5CA6F40EF557}.Release|Any CPU.Build.0 = Release|Any CPU
		{E626BD6E-BF38-4EB7-A128-5CA6F40EF557}.Release|x64.ActiveCfg = Release|Any CPU
		{E626BD6E-BF38-4EB7-A128-5CA6F40EF557}.Release|x64.Build.0 = Release|Any CPU
		{E626BD6E-BF38-4EB7-A128-5CA6F40EF557}.Release|x86.ActiveCfg = Release|Any CPU
		{E626BD6E-BF38-4EB7-A128-5CA6F40EF557}.Release|x86.Build.0 = Release|Any CPU
		{01391A7F-A9A1-4C90-89EB-29E0C98BF9BE}.Debug|Any CPU.ActiveCfg = Debug|Any CPU
		{01391A7F-A9A1-4C90-89EB-29E0C98BF9BE}.Debug|Any CPU.Build.0 = Debug|Any CPU
		{01391A7F-A9A1-4C90-89EB-29E0C98BF9BE}.Debug|Any CPU.Deploy.0 = Debug|Any CPU
		{01391A7F-A9A1-4C90-89EB-29E0C98BF9BE}.Debug|x64.ActiveCfg = Debug|x64
		{01391A7F-A9A1-4C90-89EB-29E0C98BF9BE}.Debug|x64.Build.0 = Debug|x64
		{01391A7F-A9A1-4C90-89EB-29E0C98BF9BE}.Debug|x64.Deploy.0 = Debug|x64
		{01391A7F-A9A1-4C90-89EB-29E0C98BF9BE}.Debug|x86.ActiveCfg = Debug|x86
		{01391A7F-A9A1-4C90-89EB-29E0C98BF9BE}.Debug|x86.Build.0 = Debug|x86
		{01391A7F-A9A1-4C90-89EB-29E0C98BF9BE}.Debug|x86.Deploy.0 = Debug|x86
		{01391A7F-A9A1-4C90-89EB-29E0C98BF9BE}.Release|Any CPU.ActiveCfg = Release|Any CPU
		{01391A7F-A9A1-4C90-89EB-29E0C98BF9BE}.Release|Any CPU.Build.0 = Release|Any CPU
		{01391A7F-A9A1-4C90-89EB-29E0C98BF9BE}.Release|Any CPU.Deploy.0 = Release|Any CPU
		{01391A7F-A9A1-4C90-89EB-29E0C98BF9BE}.Release|x64.ActiveCfg = Release|x64
		{01391A7F-A9A1-4C90-89EB-29E0C98BF9BE}.Release|x64.Build.0 = Release|x64
		{01391A7F-A9A1-4C90-89EB-29E0C98BF9BE}.Release|x64.Deploy.0 = Release|x64
		{01391A7F-A9A1-4C90-89EB-29E0C98BF9BE}.Release|x86.ActiveCfg = Release|x86
		{01391A7F-A9A1-4C90-89EB-29E0C98BF9BE}.Release|x86.Build.0 = Release|x86
		{01391A7F-A9A1-4C90-89EB-29E0C98BF9BE}.Release|x86.Deploy.0 = Release|x86
	EndGlobalSection
	GlobalSection(SolutionProperties) = preSolution
		HideSolutionNode = FALSE
	EndGlobalSection
	GlobalSection(ExtensibilityGlobals) = postSolution
		SolutionGuid = {3F135F78-F70E-4127-BA77-6C262C7CCCEF}
	EndGlobalSection
EndGlobal
