
Microsoft Visual Studio Solution File, Format Version 12.00
# Visual Studio 15
VisualStudioVersion = 15.0.27004.2008
MinimumVisualStudioVersion = 10.0.40219.1
Project("{FAE04EC0-301F-11D3-BF4B-00C04F79EFBC}") = "OnTopReplica", "OnTopReplica\OnTopReplica.csproj", "{E626BD6E-BF38-4EB7-A128-5CA6F40EF557}"
EndProject
Project("{54435603-DBB4-11D2-8724-00A0C9A8B90C}") = "Installer", "Installer\Installer.vdproj", "{EA7C9C89-0CCF-41E3-A379-D593AAF7A941}"
EndProject
Project("{FAE04EC0-301F-11D3-BF4B-00C04F79EFBC}") = "PostInstaller", "PostInstaller\PostInstaller.csproj", "{05F8E270-8B47-449B-8755-4599B3B3A565}"
EndProject
Global
	GlobalSection(SolutionConfigurationPlatforms) = preSolution
		Debug|Any CPU = Debug|Any CPU
		Debug|x64 = Debug|x64
		Debug|x86 = Debug|x86
		Release|Any CPU = Release|Any CPU
		Release|x64 = Release|x64
		Release|x86 = Release|x86
	EndGlobalSection
	GlobalSection(ProjectConfigurationPlatforms) = postSolution
		{E626BD6E-BF38-4EB7-A128-5CA6F40EF557}.Debug|Any CPU.ActiveCfg = Debug|Any CPU
		{E626BD6E-BF38-4EB7-A128-5CA6F40EF557}.Debug|Any CPU.Build.0 = Debug|Any CPU
		{E626BD6E-BF38-4EB7-A128-5CA6F40EF557}.Debug|x64.ActiveCfg = Debug|Any CPU
		{E626BD6E-BF38-4EB7-A128-5CA6F40EF557}.Debug|x64.Build.0 = Debug|Any CPU
		{E626BD6E-BF38-4EB7-A128-5CA6F40EF557}.Debug|x86.ActiveCfg = Debug|Any CPU
		{E626BD6E-BF38-4EB7-A128-5CA6F40EF557}.Debug|x86.Build.0 = Debug|Any CPU
		{E626BD6E-BF38-4EB7-A128-5CA6F40EF557}.Release|Any CPU.ActiveCfg = Release|Any CPU
		{E626BD6E-BF38-4EB7-A128-5CA6F40EF557}.Release|Any CPU.Build.0 = Release|Any CPU
		{E626BD6E-BF38-4EB7-A128-5CA6F40EF557}.Release|x64.ActiveCfg = Release|Any CPU
		{E626BD6E-BF38-4EB7-A128-5CA6F40EF557}.Release|x64.Build.0 = Release|Any CPU
		{E626BD6E-BF38-4EB7-A128-5CA6F40EF557}.Release|x86.ActiveCfg = Release|Any CPU
		{E626BD6E-BF38-4EB7-A128-5CA6F40EF557}.Release|x86.Build.0 = Release|Any CPU
		{EA7C9C89-0CCF-41E3-A379-D593AAF7A941}.Debug|Any CPU.ActiveCfg = Debug
		{EA7C9C89-0CCF-41E3-A379-D593AAF7A941}.Debug|Any CPU.Build.0 = Debug
		{EA7C9C89-0CCF-41E3-A379-D593AAF7A941}.Debug|x64.ActiveCfg = Debug
		{EA7C9C89-0CCF-41E3-A379-D593AAF7A941}.Debug|x64.Build.0 = Debug
		{EA7C9C89-0CCF-41E3-A379-D593AAF7A941}.Debug|x86.ActiveCfg = Debug
		{EA7C9C89-0CCF-41E3-A379-D593AAF7A941}.Debug|x86.Build.0 = Debug
		{EA7C9C89-0CCF-41E3-A379-D593AAF7A941}.Release|Any CPU.ActiveCfg = Release
		{EA7C9C89-0CCF-41E3-A379-D593AAF7A941}.Release|Any CPU.Build.0 = Release
		{EA7C9C89-0CCF-41E3-A379-D593AAF7A941}.Release|x64.ActiveCfg = Release
		{EA7C9C89-0CCF-41E3-A379-D593AAF7A941}.Release|x64.Build.0 = Release
		{EA7C9C89-0CCF-41E3-A379-D593AAF7A941}.Release|x86.ActiveCfg = Release
		{EA7C9C89-0CCF-41E3-A379-D593AAF7A941}.Release|x86.Build.0 = Release
		{05F8E270-8B47-449B-8755-4599B3B3A565}.Debug|Any CPU.ActiveCfg = Debug|Any CPU
		{05F8E270-8B47-449B-8755-4599B3B3A565}.Debug|Any CPU.Build.0 = Debug|Any CPU
		{05F8E270-8B47-449B-8755-4599B3B3A565}.Debug|x64.ActiveCfg = Debug|Any CPU
		{05F8E270-8B47-449B-8755-4599B3B3A565}.Debug|x64.Build.0 = Debug|Any CPU
		{05F8E270-8B47-449B-8755-4599B3B3A565}.Debug|x86.ActiveCfg = Debug|Any CPU
		{05F8E270-8B47-449B-8755-4599B3B3A565}.Debug|x86.Build.0 = Debug|Any CPU
		{05F8E270-8B47-449B-8755-4599B3B3A565}.Release|Any CPU.ActiveCfg = Release|Any CPU
		{05F8E270-8B47-449B-8755-4599B3B3A565}.Release|Any CPU.Build.0 = Release|Any CPU
		{05F8E270-8B47-449B-8755-4599B3B3A565}.Release|x64.ActiveCfg = Release|Any CPU
		{05F8E270-8B47-449B-8755-4599B3B3A565}.Release|x64.Build.0 = Release|Any CPU
		{05F8E270-8B47-449B-8755-4599B3B3A565}.Release|x86.ActiveCfg = Release|Any CPU
		{05F8E270-8B47-449B-8755-4599B3B3A565}.Release|x86.Build.0 = Release|Any CPU
	EndGlobalSection
	GlobalSection(SolutionProperties) = preSolution
		HideSolutionNode = FALSE
	EndGlobalSection
	GlobalSection(ExtensibilityGlobals) = postSolution
		SolutionGuid = {3F135F78-F70E-4127-BA77-6C262C7CCCEF}
	EndGlobalSection
EndGlobal
